
Microsoft Visual Studio Solution File, Format Version 12.00
Project("{FAE04EC0-301F-11D3-BF4B-00C04F79EFBC}") = "Common", "Common.csproj", "{A3761043-D486-4717-BF1E-E2DDF6D8A9AA}"
EndProject
Global
	GlobalSection(SolutionConfigurationPlatforms) = preSolution
		Debug|Any CPU = Debug|Any CPU
		Release|Any CPU = Release|Any CPU
	EndGlobalSection
	GlobalSection(ProjectConfigurationPlatforms) = postSolution
		{A3761043-D486-4717-BF1E-E2DDF6D8A9AA}.Debug|Any CPU.ActiveCfg = Debug|Any CPU
		{A3761043-D486-4717-BF1E-E2DDF6D8A9AA}.Debug|Any CPU.Build.0 = Debug|Any CPU
		{A3761043-D486-4717-BF1E-E2DDF6D8A9AA}.Release|Any CPU.ActiveCfg = Release|Any CPU
		{A3761043-D486-4717-BF1E-E2DDF6D8A9AA}.Release|Any CPU.Build.0 = Release|Any CPU
	EndGlobalSection
EndGlobal
