
Microsoft Visual Studio Solution File, Format Version 12.00
Project("{FAE04EC0-301F-11D3-BF4B-00C04F79EFBC}") = "HelmSonetaGeneratorAPI", "HelmSonetaGeneratorAPI\HelmSonetaGeneratorAPI.csproj", "{7EE631FD-C86C-4274-A3DD-1C56DD35D22C}"
EndProject
Project("{FAE04EC0-301F-11D3-BF4B-00C04F79EFBC}") = "HelmSonetaGeneratorApp", "HelmSonetaGeneratorApp\HelmSonetaGeneratorApp.csproj", "{58695ED5-F9B7-4245-A412-67A74FB2D796}"
EndProject
Global
	GlobalSection(SolutionConfigurationPlatforms) = preSolution
		Debug|Any CPU = Debug|Any CPU
		Release|Any CPU = Release|Any CPU
	EndGlobalSection
	GlobalSection(ProjectConfigurationPlatforms) = postSolution
		{7EE631FD-C86C-4274-A3DD-1C56DD35D22C}.Debug|Any CPU.ActiveCfg = Debug|Any CPU
		{7EE631FD-C86C-4274-A3DD-1C56DD35D22C}.Debug|Any CPU.Build.0 = Debug|Any CPU
		{7EE631FD-C86C-4274-A3DD-1C56DD35D22C}.Release|Any CPU.ActiveCfg = Release|Any CPU
		{7EE631FD-C86C-4274-A3DD-1C56DD35D22C}.Release|Any CPU.Build.0 = Release|Any CPU
		{58695ED5-F9B7-4245-A412-67A74FB2D796}.Debug|Any CPU.ActiveCfg = Debug|Any CPU
		{58695ED5-F9B7-4245-A412-67A74FB2D796}.Debug|Any CPU.Build.0 = Debug|Any CPU
		{58695ED5-F9B7-4245-A412-67A74FB2D796}.Release|Any CPU.ActiveCfg = Release|Any CPU
		{58695ED5-F9B7-4245-A412-67A74FB2D796}.Release|Any CPU.Build.0 = Release|Any CPU
	EndGlobalSection
EndGlobal
